{
  "version": 4,
  "terraform_version": "0.12.19",
  "serial": 1,
  "lineage": "646c72e7-3d05-9795-4b50-f53ea015965e",
  "outputs": {},
  "resources": [
    {
      "mode": "managed",
      "type": "aws_iam_user",
      "name": "font_bucketeer",
      "provider": "provider.aws",
      "instances": [
        {
          "schema_version": 0,
          "attributes": {
            "arn": "arn:aws:iam::505179641474:user/font_bucketeer",
            "force_destroy": null,
            "id": "font_bucketeer",
            "name": "font_bucketeer",
            "path": "/",
            "permissions_boundary": null,
            "tags": {},
            "unique_id": "AIDAXLHYNS2BMEQ45KAX7"
          },
          "private": "eyJzY2hlbWFfdmVyc2lvbiI6IjAifQ=="
        }
      ]
    }
  ]
}
